{
  "name": "govwifi-tech-docs",
  "version": "1.0.0",
  "lockfileVersion": 1,
  "requires": true,
  "dependencies": {
    "govuk-frontend": {
      "version": "3.5.0",
      "resolved": "https://registry.npmjs.org/govuk-frontend/-/govuk-frontend-3.5.0.tgz",
      "integrity": "sha512-4tNKgcChO1bMNsrTz2UsK4fDMmU9R87UDxy/KhKIMbnhsuJLVuArDveYLkZuUsZ6B3eaCbl5gmI8i/Q/Mi680A=="
    },
    "govwifi-shared-frontend": {
      "version": "https://github.com/alphagov/govwifi-shared-frontend/releases/download/0.5/govwifi-shared-frontend-0.5.0.tgz",
      "integrity": "sha512-JEx2T9L5DUJstfbn+UXfy3j13mRYy17Yatr+rKbWjnsjwu/D8SNTr+ZDsrLTmoeM3SklrcPnPNEBY6Dm7/Mtig=="
    }
  }
}
