{
  "name": "govwifi-tech-docs",
  "version": "1.0.0",
  "lockfileVersion": 1,
  "requires": true,
  "dependencies": {
    "govuk-frontend": {
      "version": "3.5.0",
      "resolved": "https://registry.npmjs.org/govuk-frontend/-/govuk-frontend-3.5.0.tgz",
      "integrity": "sha512-4tNKgcChO1bMNsrTz2UsK4fDMmU9R87UDxy/KhKIMbnhsuJLVuArDveYLkZuUsZ6B3eaCbl5gmI8i/Q/Mi680A=="
    },
    "govwifi-shared-frontend": {
      "version": "https://github.com/alphagov/govwifi-shared-frontend/releases/download/0.6.3/govwifi-shared-frontend-0.6.3.tgz",
      "integrity": "sha512-2Bsammf/67oYJSgoIo8XbRe9+R7fkE4KRmh5xmqnZF26xtUcaHyUd8xv97ymB30Qiyj6tTsoHJtrTpLkINMFeQ==",
      "requires": {
        "js-cookie": "^2.2.1"
      }
    },
    "js-cookie": {
      "version": "2.2.1",
      "resolved": "https://registry.npmjs.org/js-cookie/-/js-cookie-2.2.1.tgz",
      "integrity": "sha512-HvdH2LzI/EAZcUwA8+0nKNtWHqS+ZmijLA30RwZA0bo7ToCckjK5MkGhjED9KoRcXO6BaGI3I9UIzSA1FKFPOQ=="
    }
  }
}
